
Microsoft Visual Studio Solution File, Format Version 12.00
# Visual Studio Version 17
VisualStudioVersion = 17.1.32421.90
MinimumVisualStudioVersion = 10.0.40219.1
Project("{FAE04EC0-301F-11D3-BF4B-00C04F79EFBC}") = "ArtifactManager", "ArtifactManager.csproj", "{E96F1EB4-AE99-4A6F-A7A8-3F2841925A5F}"
EndProject
Global
	GlobalSection(SolutionConfigurationPlatforms) = preSolution
		Debug|Any CPU = Debug|Any CPU
		Release|Any CPU = Release|Any CPU
	EndGlobalSection
	GlobalSection(ProjectConfigurationPlatforms) = postSolution
		{E96F1EB4-AE99-4A6F-A7A8-3F2841925A5F}.Debug|Any CPU.ActiveCfg = Debug|Any CPU
		{E96F1EB4-AE99-4A6F-A7A8-3F2841925A5F}.Debug|Any CPU.Build.0 = Debug|Any CPU
		{E96F1EB4-AE99-4A6F-A7A8-3F2841925A5F}.Release|Any CPU.ActiveCfg = Release|Any CPU
		{E96F1EB4-AE99-4A6F-A7A8-3F2841925A5F}.Release|Any CPU.Build.0 = Release|Any CPU
	EndGlobalSection
	GlobalSection(SolutionProperties) = preSolution
		HideSolutionNode = FALSE
	EndGlobalSection
	GlobalSection(ExtensibilityGlobals) = postSolution
		SolutionGuid = {595354C3-1805-4555-9DD3-9C40DEB79316}
	EndGlobalSection
EndGlobal
